version = 2
root = "async_test_runtime"

[[packages]]
name = "async_test_runtime"
version = "0.1.0"
channel = "nightly"
compatibility = "spectralang-0.1"
source = "path+"
source_kind = "path"
checksum = "4301f6f32523e5b833c679265ed7502772d1987a4a8da639bdbf39ab7c29e32d"
manifest_hash = "4301f6f32523e5b833c679265ed7502772d1987a4a8da639bdbf39ab7c29e32d"
dependencies = []
