# This file is automatically @generated by Cargo.
# It is not intended for manual editing.
version = 4

[[package]]
name = "spectra-cli"
version = "0.1.0"
dependencies = [
 "spectra-compiler",
]

[[package]]
name = "spectra-compiler"
version = "0.1.0"

[[package]]
name = "spectra-runtime"
version = "0.1.0"
